// !$*UTF8*$!
{
	archiveVersion = 1;
	classes = {
	};
	objectVersion = 46;
	objects = {

/* Begin PBXBuildFile section */
		32416260197836EC0055EF7A /* UGWelcomeViewController.m in Sources */ = {isa = PBXBuildFile; fileRef = 3241625F197836EC0055EF7A /* UGWelcomeViewController.m */; };
		32416263197845D90055EF7A /* UGModel.m in Sources */ = {isa = PBXBuildFile; fileRef = 32416262197845D90055EF7A /* UGModel.m */; };
		3241626719784D330055EF7A /* User.m in Sources */ = {isa = PBXBuildFile; fileRef = 3241626619784D330055EF7A /* User.m */; };
		3241626A19784D900055EF7A /* UGObject.m in Sources */ = {isa = PBXBuildFile; fileRef = 3241626919784D900055EF7A /* UGObject.m */; };
		3241626F19785E990055EF7A /* UGLoginViewController.m in Sources */ = {isa = PBXBuildFile; fileRef = 3241626E19785E990055EF7A /* UGLoginViewController.m */; };
		3241627219785EAD0055EF7A /* UGSignUpViewController.m in Sources */ = {isa = PBXBuildFile; fileRef = 3241627119785EAD0055EF7A /* UGSignUpViewController.m */; };
		3254E4B41975B64600205F33 /* Foundation.framework in Frameworks */ = {isa = PBXBuildFile; fileRef = 3254E4B31975B64600205F33 /* Foundation.framework */; };
		3254E4B61975B64600205F33 /* CoreGraphics.framework in Frameworks */ = {isa = PBXBuildFile; fileRef = 3254E4B51975B64600205F33 /* CoreGraphics.framework */; };
		3254E4B81975B64600205F33 /* UIKit.framework in Frameworks */ = {isa = PBXBuildFile; fileRef = 3254E4B71975B64600205F33 /* UIKit.framework */; };
		3254E4BE1975B64600205F33 /* InfoPlist.strings in Resources */ = {isa = PBXBuildFile; fileRef = 3254E4BC1975B64600205F33 /* InfoPlist.strings */; };
		3254E4C01975B64600205F33 /* main.m in Sources */ = {isa = PBXBuildFile; fileRef = 3254E4BF1975B64600205F33 /* main.m */; };
		3254E4C41975B64600205F33 /* UGAppDelegate.m in Sources */ = {isa = PBXBuildFile; fileRef = 3254E4C31975B64600205F33 /* UGAppDelegate.m */; };
		3254E4C71975B64600205F33 /* Main_iPhone.storyboard in Resources */ = {isa = PBXBuildFile; fileRef = 3254E4C51975B64600205F33 /* Main_iPhone.storyboard */; };
		3254E4D21975B64600205F33 /* Images.xcassets in Resources */ = {isa = PBXBuildFile; fileRef = 3254E4D11975B64600205F33 /* Images.xcassets */; };
		3254E4D91975B64600205F33 /* XCTest.framework in Frameworks */ = {isa = PBXBuildFile; fileRef = 3254E4D81975B64600205F33 /* XCTest.framework */; };
		3254E4DA1975B64600205F33 /* Foundation.framework in Frameworks */ = {isa = PBXBuildFile; fileRef = 3254E4B31975B64600205F33 /* Foundation.framework */; };
		3254E4DB1975B64600205F33 /* UIKit.framework in Frameworks */ = {isa = PBXBuildFile; fileRef = 3254E4B71975B64600205F33 /* UIKit.framework */; };
		3254E4E31975B64600205F33 /* InfoPlist.strings in Resources */ = {isa = PBXBuildFile; fileRef = 3254E4E11975B64600205F33 /* InfoPlist.strings */; };
		3254E4E51975B64600205F33 /* UguruTests.m in Sources */ = {isa = PBXBuildFile; fileRef = 3254E4E41975B64600205F33 /* UguruTests.m */; };
		32652E471981B8AD004E1E7D /* UGSendMessageTableViewCell.m in Sources */ = {isa = PBXBuildFile; fileRef = 32652E461981B8AD004E1E7D /* UGSendMessageTableViewCell.m */; };
		32652E491981C70A004E1E7D /* AudioToolbox.framework in Frameworks */ = {isa = PBXBuildFile; fileRef = 32652E481981C70A004E1E7D /* AudioToolbox.framework */; };
		3289184F197F6E6700221E42 /* UGInboxViewController.m in Sources */ = {isa = PBXBuildFile; fileRef = 3289184E197F6E6700221E42 /* UGInboxViewController.m */; };
		32891852197F710500221E42 /* Conversation.m in Sources */ = {isa = PBXBuildFile; fileRef = 32891851197F710500221E42 /* Conversation.m */; };
		32891855198040A300221E42 /* UGInboxTableViewCell.m in Sources */ = {isa = PBXBuildFile; fileRef = 32891854198040A300221E42 /* UGInboxTableViewCell.m */; };
		328918581980501F00221E42 /* UGMessageDescriptionTableViewCell.m in Sources */ = {isa = PBXBuildFile; fileRef = 328918571980501F00221E42 /* UGMessageDescriptionTableViewCell.m */; };
		328918611980519F00221E42 /* UGMessageMeTableViewCell.m in Sources */ = {isa = PBXBuildFile; fileRef = 328918601980519F00221E42 /* UGMessageMeTableViewCell.m */; };
		32891864198051AA00221E42 /* UGMessageYouTableViewCell.m in Sources */ = {isa = PBXBuildFile; fileRef = 32891863198051AA00221E42 /* UGMessageYouTableViewCell.m */; };
		328918671980527100221E42 /* UGMessageViewController.m in Sources */ = {isa = PBXBuildFile; fileRef = 328918661980527100221E42 /* UGMessageViewController.m */; };
		3289186A198052D600221E42 /* Message.m in Sources */ = {isa = PBXBuildFile; fileRef = 32891869198052D600221E42 /* Message.m */; };
		3289C88519807F1A00DA6071 /* UGRequestViewController.m in Sources */ = {isa = PBXBuildFile; fileRef = 3289C88419807F1A00DA6071 /* UGRequestViewController.m */; };
		3289C88B1980AF3600DA6071 /* UGNotificationTableViewCell.m in Sources */ = {isa = PBXBuildFile; fileRef = 3289C8891980AF3600DA6071 /* UGNotificationTableViewCell.m */; };
		32C12930197DC99B00FE483D /* UGHomeViewController.m in Sources */ = {isa = PBXBuildFile; fileRef = 32C1292F197DC99B00FE483D /* UGHomeViewController.m */; };
		32C12937197DE30600FE483D /* Notification.m in Sources */ = {isa = PBXBuildFile; fileRef = 32C12936197DE30600FE483D /* Notification.m */; };
		32C1293E197EDE5B00FE483D /* Payment.m in Sources */ = {isa = PBXBuildFile; fileRef = 32C1293D197EDE5B00FE483D /* Payment.m */; };
		32C12941197EDE6A00FE483D /* Request.m in Sources */ = {isa = PBXBuildFile; fileRef = 32C12940197EDE6A00FE483D /* Request.m */; };
		32C12944197EEE1A00FE483D /* UGNotificationTutorAcceptViewController.m in Sources */ = {isa = PBXBuildFile; fileRef = 32C12943197EEE1A00FE483D /* UGNotificationTutorAcceptViewController.m */; };
		4605AED1AD5B4D25BE748C28 /* libPods-UguruTests.a in Frameworks */ = {isa = PBXBuildFile; fileRef = D0C9B1101D1F4600A1B4C6F7 /* libPods-UguruTests.a */; };
		5390E66D51B24390BAD4ECD6 /* libPods-Uguru.a in Frameworks */ = {isa = PBXBuildFile; fileRef = C5DBA02B7D2546ECAE33C73E /* libPods-Uguru.a */; };
		BF3242D2198187590025D5EF /* UGNotificationStudentAcceptViewController.m in Sources */ = {isa = PBXBuildFile; fileRef = BF3242D1198187590025D5EF /* UGNotificationStudentAcceptViewController.m */; };
		BF42828A19868FCA0049AE2E /* Calendar.m in Sources */ = {isa = PBXBuildFile; fileRef = BF42828919868FCA0049AE2E /* Calendar.m */; };
		BF428296198831B50049AE2E /* UGNotificationStudentRequestViewController.m in Sources */ = {isa = PBXBuildFile; fileRef = BF428295198831B50049AE2E /* UGNotificationStudentRequestViewController.m */; };
		BF63078A198578BC0057EAEC /* UGCalendarCollectionViewController.m in Sources */ = {isa = PBXBuildFile; fileRef = BF630789198578BC0057EAEC /* UGCalendarCollectionViewController.m */; };
		BFAA65C41989447B000B9C02 /* PaymentViewController.m in Sources */ = {isa = PBXBuildFile; fileRef = BFAA65C31989447B000B9C02 /* PaymentViewController.m */; };
/* End PBXBuildFile section */

/* Begin PBXContainerItemProxy section */
		3254E4DC1975B64600205F33 /* PBXContainerItemProxy */ = {
			isa = PBXContainerItemProxy;
			containerPortal = 3254E4A81975B64500205F33 /* Project object */;
			proxyType = 1;
			remoteGlobalIDString = 3254E4AF1975B64500205F33;
			remoteInfo = Uguru;
		};
/* End PBXContainerItemProxy section */

/* Begin PBXFileReference section */
		27A980C163FB480FAA312D7A /* Pods-UguruTests.xcconfig */ = {isa = PBXFileReference; includeInIndex = 1; lastKnownFileType = text.xcconfig; name = "Pods-UguruTests.xcconfig"; path = "Pods/Pods-UguruTests.xcconfig"; sourceTree = "<group>"; };
		3241625E197836EC0055EF7A /* UGWelcomeViewController.h */ = {isa = PBXFileReference; fileEncoding = 4; lastKnownFileType = sourcecode.c.h; path = UGWelcomeViewController.h; sourceTree = "<group>"; };
		3241625F197836EC0055EF7A /* UGWelcomeViewController.m */ = {isa = PBXFileReference; fileEncoding = 4; lastKnownFileType = sourcecode.c.objc; path = UGWelcomeViewController.m; sourceTree = "<group>"; };
		32416261197845D90055EF7A /* UGModel.h */ = {isa = PBXFileReference; fileEncoding = 4; lastKnownFileType = sourcecode.c.h; path = UGModel.h; sourceTree = "<group>"; };
		32416262197845D90055EF7A /* UGModel.m */ = {isa = PBXFileReference; fileEncoding = 4; lastKnownFileType = sourcecode.c.objc; path = UGModel.m; sourceTree = "<group>"; };
		3241626519784D330055EF7A /* User.h */ = {isa = PBXFileReference; fileEncoding = 4; lastKnownFileType = sourcecode.c.h; path = User.h; sourceTree = "<group>"; };
		3241626619784D330055EF7A /* User.m */ = {isa = PBXFileReference; fileEncoding = 4; lastKnownFileType = sourcecode.c.objc; path = User.m; sourceTree = "<group>"; };
		3241626819784D900055EF7A /* UGObject.h */ = {isa = PBXFileReference; fileEncoding = 4; lastKnownFileType = sourcecode.c.h; path = UGObject.h; sourceTree = "<group>"; };
		3241626919784D900055EF7A /* UGObject.m */ = {isa = PBXFileReference; fileEncoding = 4; lastKnownFileType = sourcecode.c.objc; path = UGObject.m; sourceTree = "<group>"; };
		3241626D19785E990055EF7A /* UGLoginViewController.h */ = {isa = PBXFileReference; fileEncoding = 4; lastKnownFileType = sourcecode.c.h; path = UGLoginViewController.h; sourceTree = "<group>"; };
		3241626E19785E990055EF7A /* UGLoginViewController.m */ = {isa = PBXFileReference; fileEncoding = 4; lastKnownFileType = sourcecode.c.objc; path = UGLoginViewController.m; sourceTree = "<group>"; };
		3241627019785EAD0055EF7A /* UGSignUpViewController.h */ = {isa = PBXFileReference; fileEncoding = 4; lastKnownFileType = sourcecode.c.h; path = UGSignUpViewController.h; sourceTree = "<group>"; };
		3241627119785EAD0055EF7A /* UGSignUpViewController.m */ = {isa = PBXFileReference; fileEncoding = 4; lastKnownFileType = sourcecode.c.objc; path = UGSignUpViewController.m; sourceTree = "<group>"; };
		3254E4B01975B64600205F33 /* Uguru.app */ = {isa = PBXFileReference; explicitFileType = wrapper.application; includeInIndex = 0; path = Uguru.app; sourceTree = BUILT_PRODUCTS_DIR; };
		3254E4B31975B64600205F33 /* Foundation.framework */ = {isa = PBXFileReference; lastKnownFileType = wrapper.framework; name = Foundation.framework; path = System/Library/Frameworks/Foundation.framework; sourceTree = SDKROOT; };
		3254E4B51975B64600205F33 /* CoreGraphics.framework */ = {isa = PBXFileReference; lastKnownFileType = wrapper.framework; name = CoreGraphics.framework; path = System/Library/Frameworks/CoreGraphics.framework; sourceTree = SDKROOT; };
		3254E4B71975B64600205F33 /* UIKit.framework */ = {isa = PBXFileReference; lastKnownFileType = wrapper.framework; name = UIKit.framework; path = System/Library/Frameworks/UIKit.framework; sourceTree = SDKROOT; };
		3254E4BB1975B64600205F33 /* Uguru-Info.plist */ = {isa = PBXFileReference; lastKnownFileType = text.plist.xml; path = "Uguru-Info.plist"; sourceTree = "<group>"; };
		3254E4BD1975B64600205F33 /* en */ = {isa = PBXFileReference; lastKnownFileType = text.plist.strings; name = en; path = en.lproj/InfoPlist.strings; sourceTree = "<group>"; };
		3254E4BF1975B64600205F33 /* main.m */ = {isa = PBXFileReference; lastKnownFileType = sourcecode.c.objc; path = main.m; sourceTree = "<group>"; };
		3254E4C11975B64600205F33 /* Uguru-Prefix.pch */ = {isa = PBXFileReference; lastKnownFileType = sourcecode.c.h; path = "Uguru-Prefix.pch"; sourceTree = "<group>"; };
		3254E4C21975B64600205F33 /* UGAppDelegate.h */ = {isa = PBXFileReference; lastKnownFileType = sourcecode.c.h; path = UGAppDelegate.h; sourceTree = "<group>"; };
		3254E4C31975B64600205F33 /* UGAppDelegate.m */ = {isa = PBXFileReference; lastKnownFileType = sourcecode.c.objc; path = UGAppDelegate.m; sourceTree = "<group>"; };
		3254E4C61975B64600205F33 /* Base */ = {isa = PBXFileReference; lastKnownFileType = file.storyboard; name = Base; path = Base.lproj/Main_iPhone.storyboard; sourceTree = "<group>"; };
		3254E4D11975B64600205F33 /* Images.xcassets */ = {isa = PBXFileReference; lastKnownFileType = folder.assetcatalog; path = Images.xcassets; sourceTree = "<group>"; };
		3254E4D71975B64600205F33 /* UguruTests.xctest */ = {isa = PBXFileReference; explicitFileType = wrapper.cfbundle; includeInIndex = 0; path = UguruTests.xctest; sourceTree = BUILT_PRODUCTS_DIR; };
		3254E4D81975B64600205F33 /* XCTest.framework */ = {isa = PBXFileReference; lastKnownFileType = wrapper.framework; name = XCTest.framework; path = Library/Frameworks/XCTest.framework; sourceTree = DEVELOPER_DIR; };
		3254E4E01975B64600205F33 /* UguruTests-Info.plist */ = {isa = PBXFileReference; lastKnownFileType = text.plist.xml; path = "UguruTests-Info.plist"; sourceTree = "<group>"; };
		3254E4E21975B64600205F33 /* en */ = {isa = PBXFileReference; lastKnownFileType = text.plist.strings; name = en; path = en.lproj/InfoPlist.strings; sourceTree = "<group>"; };
		3254E4E41975B64600205F33 /* UguruTests.m */ = {isa = PBXFileReference; lastKnownFileType = sourcecode.c.objc; path = UguruTests.m; sourceTree = "<group>"; };
		32652E451981B8AD004E1E7D /* UGSendMessageTableViewCell.h */ = {isa = PBXFileReference; fileEncoding = 4; lastKnownFileType = sourcecode.c.h; path = UGSendMessageTableViewCell.h; sourceTree = "<group>"; };
		32652E461981B8AD004E1E7D /* UGSendMessageTableViewCell.m */ = {isa = PBXFileReference; fileEncoding = 4; lastKnownFileType = sourcecode.c.objc; path = UGSendMessageTableViewCell.m; sourceTree = "<group>"; };
		32652E481981C70A004E1E7D /* AudioToolbox.framework */ = {isa = PBXFileReference; lastKnownFileType = wrapper.framework; name = AudioToolbox.framework; path = System/Library/Frameworks/AudioToolbox.framework; sourceTree = SDKROOT; };
		3289184D197F6E6700221E42 /* UGInboxViewController.h */ = {isa = PBXFileReference; fileEncoding = 4; lastKnownFileType = sourcecode.c.h; path = UGInboxViewController.h; sourceTree = "<group>"; };
		3289184E197F6E6700221E42 /* UGInboxViewController.m */ = {isa = PBXFileReference; fileEncoding = 4; lastKnownFileType = sourcecode.c.objc; path = UGInboxViewController.m; sourceTree = "<group>"; };
		32891850197F710500221E42 /* Conversation.h */ = {isa = PBXFileReference; fileEncoding = 4; lastKnownFileType = sourcecode.c.h; path = Conversation.h; sourceTree = "<group>"; };
		32891851197F710500221E42 /* Conversation.m */ = {isa = PBXFileReference; fileEncoding = 4; lastKnownFileType = sourcecode.c.objc; path = Conversation.m; sourceTree = "<group>"; };
		32891853198040A300221E42 /* UGInboxTableViewCell.h */ = {isa = PBXFileReference; fileEncoding = 4; lastKnownFileType = sourcecode.c.h; path = UGInboxTableViewCell.h; sourceTree = "<group>"; };
		32891854198040A300221E42 /* UGInboxTableViewCell.m */ = {isa = PBXFileReference; fileEncoding = 4; lastKnownFileType = sourcecode.c.objc; path = UGInboxTableViewCell.m; sourceTree = "<group>"; };
		328918561980501F00221E42 /* UGMessageDescriptionTableViewCell.h */ = {isa = PBXFileReference; fileEncoding = 4; lastKnownFileType = sourcecode.c.h; path = UGMessageDescriptionTableViewCell.h; sourceTree = "<group>"; };
		328918571980501F00221E42 /* UGMessageDescriptionTableViewCell.m */ = {isa = PBXFileReference; fileEncoding = 4; lastKnownFileType = sourcecode.c.objc; path = UGMessageDescriptionTableViewCell.m; sourceTree = "<group>"; };
		3289185F1980519F00221E42 /* UGMessageMeTableViewCell.h */ = {isa = PBXFileReference; fileEncoding = 4; lastKnownFileType = sourcecode.c.h; path = UGMessageMeTableViewCell.h; sourceTree = "<group>"; };
		328918601980519F00221E42 /* UGMessageMeTableViewCell.m */ = {isa = PBXFileReference; fileEncoding = 4; lastKnownFileType = sourcecode.c.objc; path = UGMessageMeTableViewCell.m; sourceTree = "<group>"; };
		32891862198051AA00221E42 /* UGMessageYouTableViewCell.h */ = {isa = PBXFileReference; fileEncoding = 4; lastKnownFileType = sourcecode.c.h; path = UGMessageYouTableViewCell.h; sourceTree = "<group>"; };
		32891863198051AA00221E42 /* UGMessageYouTableViewCell.m */ = {isa = PBXFileReference; fileEncoding = 4; lastKnownFileType = sourcecode.c.objc; path = UGMessageYouTableViewCell.m; sourceTree = "<group>"; };
		328918651980527100221E42 /* UGMessageViewController.h */ = {isa = PBXFileReference; fileEncoding = 4; lastKnownFileType = sourcecode.c.h; path = UGMessageViewController.h; sourceTree = "<group>"; };
		328918661980527100221E42 /* UGMessageViewController.m */ = {isa = PBXFileReference; fileEncoding = 4; lastKnownFileType = sourcecode.c.objc; path = UGMessageViewController.m; sourceTree = "<group>"; };
		32891868198052D600221E42 /* Message.h */ = {isa = PBXFileReference; fileEncoding = 4; lastKnownFileType = sourcecode.c.h; path = Message.h; sourceTree = "<group>"; };
		32891869198052D600221E42 /* Message.m */ = {isa = PBXFileReference; fileEncoding = 4; lastKnownFileType = sourcecode.c.objc; path = Message.m; sourceTree = "<group>"; };
		3289C88319807F1A00DA6071 /* UGRequestViewController.h */ = {isa = PBXFileReference; fileEncoding = 4; lastKnownFileType = sourcecode.c.h; path = UGRequestViewController.h; sourceTree = "<group>"; };
		3289C88419807F1A00DA6071 /* UGRequestViewController.m */ = {isa = PBXFileReference; fileEncoding = 4; lastKnownFileType = sourcecode.c.objc; path = UGRequestViewController.m; sourceTree = "<group>"; };
		3289C8891980AF3600DA6071 /* UGNotificationTableViewCell.m */ = {isa = PBXFileReference; fileEncoding = 4; lastKnownFileType = sourcecode.c.objc; path = UGNotificationTableViewCell.m; sourceTree = "<group>"; };
		3289C88A1980AF3600DA6071 /* UGNotificationTableViewCell.h */ = {isa = PBXFileReference; fileEncoding = 4; lastKnownFileType = sourcecode.c.h; path = UGNotificationTableViewCell.h; sourceTree = "<group>"; };
		32C1292E197DC99B00FE483D /* UGHomeViewController.h */ = {isa = PBXFileReference; fileEncoding = 4; lastKnownFileType = sourcecode.c.h; path = UGHomeViewController.h; sourceTree = "<group>"; };
		32C1292F197DC99B00FE483D /* UGHomeViewController.m */ = {isa = PBXFileReference; fileEncoding = 4; lastKnownFileType = sourcecode.c.objc; path = UGHomeViewController.m; sourceTree = "<group>"; };
		32C12935197DE30600FE483D /* Notification.h */ = {isa = PBXFileReference; fileEncoding = 4; lastKnownFileType = sourcecode.c.h; path = Notification.h; sourceTree = "<group>"; };
		32C12936197DE30600FE483D /* Notification.m */ = {isa = PBXFileReference; fileEncoding = 4; lastKnownFileType = sourcecode.c.objc; path = Notification.m; sourceTree = "<group>"; };
		32C1293C197EDE5B00FE483D /* Payment.h */ = {isa = PBXFileReference; fileEncoding = 4; lastKnownFileType = sourcecode.c.h; path = Payment.h; sourceTree = "<group>"; };
		32C1293D197EDE5B00FE483D /* Payment.m */ = {isa = PBXFileReference; fileEncoding = 4; lastKnownFileType = sourcecode.c.objc; path = Payment.m; sourceTree = "<group>"; };
		32C1293F197EDE6A00FE483D /* Request.h */ = {isa = PBXFileReference; fileEncoding = 4; lastKnownFileType = sourcecode.c.h; path = Request.h; sourceTree = "<group>"; };
		32C12940197EDE6A00FE483D /* Request.m */ = {isa = PBXFileReference; fileEncoding = 4; lastKnownFileType = sourcecode.c.objc; path = Request.m; sourceTree = "<group>"; };
		32C12942197EEE1A00FE483D /* UGNotificationTutorAcceptViewController.h */ = {isa = PBXFileReference; fileEncoding = 4; lastKnownFileType = sourcecode.c.h; path = UGNotificationTutorAcceptViewController.h; sourceTree = "<group>"; };
		32C12943197EEE1A00FE483D /* UGNotificationTutorAcceptViewController.m */ = {isa = PBXFileReference; fileEncoding = 4; lastKnownFileType = sourcecode.c.objc; path = UGNotificationTutorAcceptViewController.m; sourceTree = "<group>"; };
		48BD3755083547939D6F9810 /* Pods-Uguru.xcconfig */ = {isa = PBXFileReference; includeInIndex = 1; lastKnownFileType = text.xcconfig; name = "Pods-Uguru.xcconfig"; path = "Pods/Pods-Uguru.xcconfig"; sourceTree = "<group>"; };
		BF3242D0198187590025D5EF /* UGNotificationStudentAcceptViewController.h */ = {isa = PBXFileReference; fileEncoding = 4; lastKnownFileType = sourcecode.c.h; path = UGNotificationStudentAcceptViewController.h; sourceTree = "<group>"; };
		BF3242D1198187590025D5EF /* UGNotificationStudentAcceptViewController.m */ = {isa = PBXFileReference; fileEncoding = 4; lastKnownFileType = sourcecode.c.objc; path = UGNotificationStudentAcceptViewController.m; sourceTree = "<group>"; };
		BF42828819868FCA0049AE2E /* Calendar.h */ = {isa = PBXFileReference; fileEncoding = 4; lastKnownFileType = sourcecode.c.h; path = Calendar.h; sourceTree = "<group>"; };
		BF42828919868FCA0049AE2E /* Calendar.m */ = {isa = PBXFileReference; fileEncoding = 4; lastKnownFileType = sourcecode.c.objc; path = Calendar.m; sourceTree = "<group>"; };
		BF428294198831B50049AE2E /* UGNotificationStudentRequestViewController.h */ = {isa = PBXFileReference; fileEncoding = 4; lastKnownFileType = sourcecode.c.h; path = UGNotificationStudentRequestViewController.h; sourceTree = "<group>"; };
		BF428295198831B50049AE2E /* UGNotificationStudentRequestViewController.m */ = {isa = PBXFileReference; fileEncoding = 4; lastKnownFileType = sourcecode.c.objc; path = UGNotificationStudentRequestViewController.m; sourceTree = "<group>"; };
		BF630788198578BC0057EAEC /* UGCalendarCollectionViewController.h */ = {isa = PBXFileReference; fileEncoding = 4; lastKnownFileType = sourcecode.c.h; path = UGCalendarCollectionViewController.h; sourceTree = "<group>"; };
		BF630789198578BC0057EAEC /* UGCalendarCollectionViewController.m */ = {isa = PBXFileReference; fileEncoding = 4; lastKnownFileType = sourcecode.c.objc; path = UGCalendarCollectionViewController.m; sourceTree = "<group>"; };
		BFAA65C21989447B000B9C02 /* PaymentViewController.h */ = {isa = PBXFileReference; fileEncoding = 4; lastKnownFileType = sourcecode.c.h; path = PaymentViewController.h; sourceTree = "<group>"; };
		BFAA65C31989447B000B9C02 /* PaymentViewController.m */ = {isa = PBXFileReference; fileEncoding = 4; lastKnownFileType = sourcecode.c.objc; path = PaymentViewController.m; sourceTree = "<group>"; };
		C5DBA02B7D2546ECAE33C73E /* libPods-Uguru.a */ = {isa = PBXFileReference; explicitFileType = archive.ar; includeInIndex = 0; path = "libPods-Uguru.a"; sourceTree = BUILT_PRODUCTS_DIR; };
		D0C9B1101D1F4600A1B4C6F7 /* libPods-UguruTests.a */ = {isa = PBXFileReference; explicitFileType = archive.ar; includeInIndex = 0; path = "libPods-UguruTests.a"; sourceTree = BUILT_PRODUCTS_DIR; };
/* End PBXFileReference section */

/* Begin PBXFrameworksBuildPhase section */
		3254E4AD1975B64500205F33 /* Frameworks */ = {
			isa = PBXFrameworksBuildPhase;
			buildActionMask = 2147483647;
			files = (
				32652E491981C70A004E1E7D /* AudioToolbox.framework in Frameworks */,
				3254E4B61975B64600205F33 /* CoreGraphics.framework in Frameworks */,
				3254E4B81975B64600205F33 /* UIKit.framework in Frameworks */,
				3254E4B41975B64600205F33 /* Foundation.framework in Frameworks */,
				5390E66D51B24390BAD4ECD6 /* libPods-Uguru.a in Frameworks */,
			);
			runOnlyForDeploymentPostprocessing = 0;
		};
		3254E4D41975B64600205F33 /* Frameworks */ = {
			isa = PBXFrameworksBuildPhase;
			buildActionMask = 2147483647;
			files = (
				3254E4D91975B64600205F33 /* XCTest.framework in Frameworks */,
				3254E4DB1975B64600205F33 /* UIKit.framework in Frameworks */,
				3254E4DA1975B64600205F33 /* Foundation.framework in Frameworks */,
				4605AED1AD5B4D25BE748C28 /* libPods-UguruTests.a in Frameworks */,
			);
			runOnlyForDeploymentPostprocessing = 0;
		};
/* End PBXFrameworksBuildPhase section */

/* Begin PBXGroup section */
		3241626419784D230055EF7A /* Model */ = {
			isa = PBXGroup;
			children = (
				32416261197845D90055EF7A /* UGModel.h */,
				32416262197845D90055EF7A /* UGModel.m */,
				3241626819784D900055EF7A /* UGObject.h */,
				3241626919784D900055EF7A /* UGObject.m */,
				3241626619784D330055EF7A /* User.m */,
				3241626519784D330055EF7A /* User.h */,
				BF42828819868FCA0049AE2E /* Calendar.h */,
				BF42828919868FCA0049AE2E /* Calendar.m */,
				32C12935197DE30600FE483D /* Notification.h */,
				32C12936197DE30600FE483D /* Notification.m */,
				32C1293C197EDE5B00FE483D /* Payment.h */,
				32C1293D197EDE5B00FE483D /* Payment.m */,
				32C1293F197EDE6A00FE483D /* Request.h */,
				32C12940197EDE6A00FE483D /* Request.m */,
				32891850197F710500221E42 /* Conversation.h */,
				32891851197F710500221E42 /* Conversation.m */,
				32891868198052D600221E42 /* Message.h */,
				32891869198052D600221E42 /* Message.m */,
			);
			name = Model;
			sourceTree = "<group>";
		};
		3254E4A71975B64500205F33 = {
			isa = PBXGroup;
			children = (
				3254E4B91975B64600205F33 /* Uguru */,
				3254E4DE1975B64600205F33 /* UguruTests */,
				3254E4B21975B64600205F33 /* Frameworks */,
				3254E4B11975B64600205F33 /* Products */,
				48BD3755083547939D6F9810 /* Pods-Uguru.xcconfig */,
				27A980C163FB480FAA312D7A /* Pods-UguruTests.xcconfig */,
			);
			sourceTree = "<group>";
		};
		3254E4B11975B64600205F33 /* Products */ = {
			isa = PBXGroup;
			children = (
				3254E4B01975B64600205F33 /* Uguru.app */,
				3254E4D71975B64600205F33 /* UguruTests.xctest */,
			);
			name = Products;
			sourceTree = "<group>";
		};
		3254E4B21975B64600205F33 /* Frameworks */ = {
			isa = PBXGroup;
			children = (
				32652E481981C70A004E1E7D /* AudioToolbox.framework */,
				3254E4B31975B64600205F33 /* Foundation.framework */,
				3254E4B51975B64600205F33 /* CoreGraphics.framework */,
				3254E4B71975B64600205F33 /* UIKit.framework */,
				3254E4D81975B64600205F33 /* XCTest.framework */,
				C5DBA02B7D2546ECAE33C73E /* libPods-Uguru.a */,
				D0C9B1101D1F4600A1B4C6F7 /* libPods-UguruTests.a */,
			);
			name = Frameworks;
			sourceTree = "<group>";
		};
		3254E4B91975B64600205F33 /* Uguru */ = {
			isa = PBXGroup;
			children = (
				3254E4C21975B64600205F33 /* UGAppDelegate.h */,
				3254E4C31975B64600205F33 /* UGAppDelegate.m */,
				3254E4C51975B64600205F33 /* Main_iPhone.storyboard */,
				3241626419784D230055EF7A /* Model */,
				32C12931197DC9A800FE483D /* Controllers */,
				32C1293B197E03D200FE483D /* Views */,
				3254E4D11975B64600205F33 /* Images.xcassets */,
				3254E4BA1975B64600205F33 /* Supporting Files */,
			);
			path = Uguru;
			sourceTree = "<group>";
		};
		3254E4BA1975B64600205F33 /* Supporting Files */ = {
			isa = PBXGroup;
			children = (
				3254E4BB1975B64600205F33 /* Uguru-Info.plist */,
				3254E4BC1975B64600205F33 /* InfoPlist.strings */,
				3254E4BF1975B64600205F33 /* main.m */,
				3254E4C11975B64600205F33 /* Uguru-Prefix.pch */,
			);
			name = "Supporting Files";
			sourceTree = "<group>";
		};
		3254E4DE1975B64600205F33 /* UguruTests */ = {
			isa = PBXGroup;
			children = (
				3254E4E41975B64600205F33 /* UguruTests.m */,
				3254E4DF1975B64600205F33 /* Supporting Files */,
			);
			path = UguruTests;
			sourceTree = "<group>";
		};
		3254E4DF1975B64600205F33 /* Supporting Files */ = {
			isa = PBXGroup;
			children = (
				3254E4E01975B64600205F33 /* UguruTests-Info.plist */,
				3254E4E11975B64600205F33 /* InfoPlist.strings */,
			);
			name = "Supporting Files";
			sourceTree = "<group>";
		};
		32C12931197DC9A800FE483D /* Controllers */ = {
			isa = PBXGroup;
			children = (
				3241625E197836EC0055EF7A /* UGWelcomeViewController.h */,
				3241625F197836EC0055EF7A /* UGWelcomeViewController.m */,
				3241626D19785E990055EF7A /* UGLoginViewController.h */,
				3241626E19785E990055EF7A /* UGLoginViewController.m */,
				3241627019785EAD0055EF7A /* UGSignUpViewController.h */,
				3241627119785EAD0055EF7A /* UGSignUpViewController.m */,
				32C1292E197DC99B00FE483D /* UGHomeViewController.h */,
				32C1292F197DC99B00FE483D /* UGHomeViewController.m */,
				32C12942197EEE1A00FE483D /* UGNotificationTutorAcceptViewController.h */,
				32C12943197EEE1A00FE483D /* UGNotificationTutorAcceptViewController.m */,
				BF3242D0198187590025D5EF /* UGNotificationStudentAcceptViewController.h */,
				BF3242D1198187590025D5EF /* UGNotificationStudentAcceptViewController.m */,
				BF428294198831B50049AE2E /* UGNotificationStudentRequestViewController.h */,
				BF428295198831B50049AE2E /* UGNotificationStudentRequestViewController.m */,
				3289184D197F6E6700221E42 /* UGInboxViewController.h */,
				3289184E197F6E6700221E42 /* UGInboxViewController.m */,
				328918651980527100221E42 /* UGMessageViewController.h */,
				328918661980527100221E42 /* UGMessageViewController.m */,
				3289C88319807F1A00DA6071 /* UGRequestViewController.h */,
				3289C88419807F1A00DA6071 /* UGRequestViewController.m */,
				BF630788198578BC0057EAEC /* UGCalendarCollectionViewController.h */,
				BF630789198578BC0057EAEC /* UGCalendarCollectionViewController.m */,
				BFAA65C21989447B000B9C02 /* PaymentViewController.h */,
				BFAA65C31989447B000B9C02 /* PaymentViewController.m */,
			);
			name = Controllers;
			sourceTree = "<group>";
		};
		32C1293B197E03D200FE483D /* Views */ = {
			isa = PBXGroup;
			children = (
				32652E451981B8AD004E1E7D /* UGSendMessageTableViewCell.h */,
				32652E461981B8AD004E1E7D /* UGSendMessageTableViewCell.m */,
				3289C8891980AF3600DA6071 /* UGNotificationTableViewCell.m */,
				3289C88A1980AF3600DA6071 /* UGNotificationTableViewCell.h */,
				32891853198040A300221E42 /* UGInboxTableViewCell.h */,
				32891854198040A300221E42 /* UGInboxTableViewCell.m */,
				328918561980501F00221E42 /* UGMessageDescriptionTableViewCell.h */,
				328918571980501F00221E42 /* UGMessageDescriptionTableViewCell.m */,
				3289185F1980519F00221E42 /* UGMessageMeTableViewCell.h */,
				328918601980519F00221E42 /* UGMessageMeTableViewCell.m */,
				32891862198051AA00221E42 /* UGMessageYouTableViewCell.h */,
				32891863198051AA00221E42 /* UGMessageYouTableViewCell.m */,
			);
			name = Views;
			sourceTree = "<group>";
		};
/* End PBXGroup section */

/* Begin PBXNativeTarget section */
		3254E4AF1975B64500205F33 /* Uguru */ = {
			isa = PBXNativeTarget;
			buildConfigurationList = 3254E4E81975B64600205F33 /* Build configuration list for PBXNativeTarget "Uguru" */;
			buildPhases = (
				829942836E794F8E8857D1D1 /* Check Pods Manifest.lock */,
				3254E4AC1975B64500205F33 /* Sources */,
				3254E4AD1975B64500205F33 /* Frameworks */,
				3254E4AE1975B64500205F33 /* Resources */,
				9EBEB8FDA780445ABF90CF04 /* Copy Pods Resources */,
			);
			buildRules = (
			);
			dependencies = (
			);
			name = Uguru;
			productName = Uguru;
			productReference = 3254E4B01975B64600205F33 /* Uguru.app */;
			productType = "com.apple.product-type.application";
		};
		3254E4D61975B64600205F33 /* UguruTests */ = {
			isa = PBXNativeTarget;
			buildConfigurationList = 3254E4EB1975B64600205F33 /* Build configuration list for PBXNativeTarget "UguruTests" */;
			buildPhases = (
				A1873DA2E8D64A46A5ED4553 /* Check Pods Manifest.lock */,
				3254E4D31975B64600205F33 /* Sources */,
				3254E4D41975B64600205F33 /* Frameworks */,
				3254E4D51975B64600205F33 /* Resources */,
				4819DB0F2CCA4CAF87C489F5 /* Copy Pods Resources */,
			);
			buildRules = (
			);
			dependencies = (
				3254E4DD1975B64600205F33 /* PBXTargetDependency */,
			);
			name = UguruTests;
			productName = UguruTests;
			productReference = 3254E4D71975B64600205F33 /* UguruTests.xctest */;
			productType = "com.apple.product-type.bundle.unit-test";
		};
/* End PBXNativeTarget section */

/* Begin PBXProject section */
		3254E4A81975B64500205F33 /* Project object */ = {
			isa = PBXProject;
			attributes = {
				CLASSPREFIX = UG;
				LastUpgradeCheck = 0510;
				ORGANIZATIONNAME = Uguru;
				TargetAttributes = {
					3254E4AF1975B64500205F33 = {
						DevelopmentTeam = E8FFVHV7T8;
					};
					3254E4D61975B64600205F33 = {
						TestTargetID = 3254E4AF1975B64500205F33;
					};
				};
			};
			buildConfigurationList = 3254E4AB1975B64500205F33 /* Build configuration list for PBXProject "Uguru" */;
			compatibilityVersion = "Xcode 3.2";
			developmentRegion = English;
			hasScannedForEncodings = 0;
			knownRegions = (
				en,
				Base,
			);
			mainGroup = 3254E4A71975B64500205F33;
			productRefGroup = 3254E4B11975B64600205F33 /* Products */;
			projectDirPath = "";
			projectRoot = "";
			targets = (
				3254E4AF1975B64500205F33 /* Uguru */,
				3254E4D61975B64600205F33 /* UguruTests */,
			);
		};
/* End PBXProject section */

/* Begin PBXResourcesBuildPhase section */
		3254E4AE1975B64500205F33 /* Resources */ = {
			isa = PBXResourcesBuildPhase;
			buildActionMask = 2147483647;
			files = (
				3254E4D21975B64600205F33 /* Images.xcassets in Resources */,
				3254E4C71975B64600205F33 /* Main_iPhone.storyboard in Resources */,
				3254E4BE1975B64600205F33 /* InfoPlist.strings in Resources */,
			);
			runOnlyForDeploymentPostprocessing = 0;
		};
		3254E4D51975B64600205F33 /* Resources */ = {
			isa = PBXResourcesBuildPhase;
			buildActionMask = 2147483647;
			files = (
				3254E4E31975B64600205F33 /* InfoPlist.strings in Resources */,
			);
			runOnlyForDeploymentPostprocessing = 0;
		};
/* End PBXResourcesBuildPhase section */

/* Begin PBXShellScriptBuildPhase section */
		4819DB0F2CCA4CAF87C489F5 /* Copy Pods Resources */ = {
			isa = PBXShellScriptBuildPhase;
			buildActionMask = 2147483647;
			files = (
			);
			inputPaths = (
			);
			name = "Copy Pods Resources";
			outputPaths = (
			);
			runOnlyForDeploymentPostprocessing = 0;
			shellPath = /bin/sh;
			shellScript = "\"${SRCROOT}/Pods/Pods-UguruTests-resources.sh\"\n";
			showEnvVarsInLog = 0;
		};
		829942836E794F8E8857D1D1 /* Check Pods Manifest.lock */ = {
			isa = PBXShellScriptBuildPhase;
			buildActionMask = 2147483647;
			files = (
			);
			inputPaths = (
			);
			name = "Check Pods Manifest.lock";
			outputPaths = (
			);
			runOnlyForDeploymentPostprocessing = 0;
			shellPath = /bin/sh;
			shellScript = "diff \"${PODS_ROOT}/../Podfile.lock\" \"${PODS_ROOT}/Manifest.lock\" > /dev/null\nif [[ $? != 0 ]] ; then\n    cat << EOM\nerror: The sandbox is not in sync with the Podfile.lock. Run 'pod install' or update your CocoaPods installation.\nEOM\n    exit 1\nfi\n";
			showEnvVarsInLog = 0;
		};
		9EBEB8FDA780445ABF90CF04 /* Copy Pods Resources */ = {
			isa = PBXShellScriptBuildPhase;
			buildActionMask = 2147483647;
			files = (
			);
			inputPaths = (
			);
			name = "Copy Pods Resources";
			outputPaths = (
			);
			runOnlyForDeploymentPostprocessing = 0;
			shellPath = /bin/sh;
			shellScript = "\"${SRCROOT}/Pods/Pods-Uguru-resources.sh\"\n";
			showEnvVarsInLog = 0;
		};
		A1873DA2E8D64A46A5ED4553 /* Check Pods Manifest.lock */ = {
			isa = PBXShellScriptBuildPhase;
			buildActionMask = 2147483647;
			files = (
			);
			inputPaths = (
			);
			name = "Check Pods Manifest.lock";
			outputPaths = (
			);
			runOnlyForDeploymentPostprocessing = 0;
			shellPath = /bin/sh;
			shellScript = "diff \"${PODS_ROOT}/../Podfile.lock\" \"${PODS_ROOT}/Manifest.lock\" > /dev/null\nif [[ $? != 0 ]] ; then\n    cat << EOM\nerror: The sandbox is not in sync with the Podfile.lock. Run 'pod install' or update your CocoaPods installation.\nEOM\n    exit 1\nfi\n";
			showEnvVarsInLog = 0;
		};
/* End PBXShellScriptBuildPhase section */

/* Begin PBXSourcesBuildPhase section */
		3254E4AC1975B64500205F33 /* Sources */ = {
			isa = PBXSourcesBuildPhase;
			buildActionMask = 2147483647;
			files = (
				32416260197836EC0055EF7A /* UGWelcomeViewController.m in Sources */,
				32416263197845D90055EF7A /* UGModel.m in Sources */,
				32652E471981B8AD004E1E7D /* UGSendMessageTableViewCell.m in Sources */,
				BFAA65C41989447B000B9C02 /* PaymentViewController.m in Sources */,
				32891855198040A300221E42 /* UGInboxTableViewCell.m in Sources */,
				32891864198051AA00221E42 /* UGMessageYouTableViewCell.m in Sources */,
				32C12937197DE30600FE483D /* Notification.m in Sources */,
				3254E4C41975B64600205F33 /* UGAppDelegate.m in Sources */,
				328918611980519F00221E42 /* UGMessageMeTableViewCell.m in Sources */,
				BF63078A198578BC0057EAEC /* UGCalendarCollectionViewController.m in Sources */,
				BF42828A19868FCA0049AE2E /* Calendar.m in Sources */,
				BF428296198831B50049AE2E /* UGNotificationStudentRequestViewController.m in Sources */,
				32891852197F710500221E42 /* Conversation.m in Sources */,
				3289186A198052D600221E42 /* Message.m in Sources */,
				32C12930197DC99B00FE483D /* UGHomeViewController.m in Sources */,
				32C1293E197EDE5B00FE483D /* Payment.m in Sources */,
				328918671980527100221E42 /* UGMessageViewController.m in Sources */,
				3289C88519807F1A00DA6071 /* UGRequestViewController.m in Sources */,
				3254E4C01975B64600205F33 /* main.m in Sources */,
				3289C88B1980AF3600DA6071 /* UGNotificationTableViewCell.m in Sources */,
				32C12941197EDE6A00FE483D /* Request.m in Sources */,
				32C12944197EEE1A00FE483D /* UGNotificationTutorAcceptViewController.m in Sources */,
				3241627219785EAD0055EF7A /* UGSignUpViewController.m in Sources */,
				3241626F19785E990055EF7A /* UGLoginViewController.m in Sources */,
				3289184F197F6E6700221E42 /* UGInboxViewController.m in Sources */,
				3241626A19784D900055EF7A /* UGObject.m in Sources */,
				328918581980501F00221E42 /* UGMessageDescriptionTableViewCell.m in Sources */,
				3241626719784D330055EF7A /* User.m in Sources */,
				BF3242D2198187590025D5EF /* UGNotificationStudentAcceptViewController.m in Sources */,
			);
			runOnlyForDeploymentPostprocessing = 0;
		};
		3254E4D31975B64600205F33 /* Sources */ = {
			isa = PBXSourcesBuildPhase;
			buildActionMask = 2147483647;
			files = (
				3254E4E51975B64600205F33 /* UguruTests.m in Sources */,
			);
			runOnlyForDeploymentPostprocessing = 0;
		};
/* End PBXSourcesBuildPhase section */

/* Begin PBXTargetDependency section */
		3254E4DD1975B64600205F33 /* PBXTargetDependency */ = {
			isa = PBXTargetDependency;
			target = 3254E4AF1975B64500205F33 /* Uguru */;
			targetProxy = 3254E4DC1975B64600205F33 /* PBXContainerItemProxy */;
		};
/* End PBXTargetDependency section */

/* Begin PBXVariantGroup section */
		3254E4BC1975B64600205F33 /* InfoPlist.strings */ = {
			isa = PBXVariantGroup;
			children = (
				3254E4BD1975B64600205F33 /* en */,
			);
			name = InfoPlist.strings;
			sourceTree = "<group>";
		};
		3254E4C51975B64600205F33 /* Main_iPhone.storyboard */ = {
			isa = PBXVariantGroup;
			children = (
				3254E4C61975B64600205F33 /* Base */,
			);
			name = Main_iPhone.storyboard;
			sourceTree = "<group>";
		};
		3254E4E11975B64600205F33 /* InfoPlist.strings */ = {
			isa = PBXVariantGroup;
			children = (
				3254E4E21975B64600205F33 /* en */,
			);
			name = InfoPlist.strings;
			sourceTree = "<group>";
		};
/* End PBXVariantGroup section */

/* Begin XCBuildConfiguration section */
		3254E4E61975B64600205F33 /* Debug */ = {
			isa = XCBuildConfiguration;
			buildSettings = {
				ALWAYS_SEARCH_USER_PATHS = NO;
				CLANG_CXX_LANGUAGE_STANDARD = "gnu++0x";
				CLANG_CXX_LIBRARY = "libc++";
				CLANG_ENABLE_MODULES = YES;
				CLANG_ENABLE_OBJC_ARC = YES;
				CLANG_WARN_BOOL_CONVERSION = YES;
				CLANG_WARN_CONSTANT_CONVERSION = YES;
				CLANG_WARN_DIRECT_OBJC_ISA_USAGE = YES_ERROR;
				CLANG_WARN_EMPTY_BODY = YES;
				CLANG_WARN_ENUM_CONVERSION = YES;
				CLANG_WARN_INT_CONVERSION = YES;
				CLANG_WARN_OBJC_ROOT_CLASS = YES_ERROR;
				CLANG_WARN__DUPLICATE_METHOD_MATCH = YES;
				"CODE_SIGN_IDENTITY[sdk=iphoneos*]" = "iPhone Developer";
				COPY_PHASE_STRIP = NO;
				GCC_C_LANGUAGE_STANDARD = gnu99;
				GCC_DYNAMIC_NO_PIC = NO;
				GCC_OPTIMIZATION_LEVEL = 0;
				GCC_PREPROCESSOR_DEFINITIONS = (
					"DEBUG=1",
					"$(inherited)",
				);
				GCC_SYMBOLS_PRIVATE_EXTERN = NO;
				GCC_WARN_64_TO_32_BIT_CONVERSION = YES;
				GCC_WARN_ABOUT_RETURN_TYPE = YES_ERROR;
				GCC_WARN_UNDECLARED_SELECTOR = YES;
				GCC_WARN_UNINITIALIZED_AUTOS = YES_AGGRESSIVE;
				GCC_WARN_UNUSED_FUNCTION = YES;
				GCC_WARN_UNUSED_VARIABLE = YES;
				IPHONEOS_DEPLOYMENT_TARGET = 7.1;
				ONLY_ACTIVE_ARCH = YES;
				SDKROOT = iphoneos;
				TARGETED_DEVICE_FAMILY = "1,2";
			};
			name = Debug;
		};
		3254E4E71975B64600205F33 /* Release */ = {
			isa = XCBuildConfiguration;
			buildSettings = {
				ALWAYS_SEARCH_USER_PATHS = NO;
				CLANG_CXX_LANGUAGE_STANDARD = "gnu++0x";
				CLANG_CXX_LIBRARY = "libc++";
				CLANG_ENABLE_MODULES = YES;
				CLANG_ENABLE_OBJC_ARC = YES;
				CLANG_WARN_BOOL_CONVERSION = YES;
				CLANG_WARN_CONSTANT_CONVERSION = YES;
				CLANG_WARN_DIRECT_OBJC_ISA_USAGE = YES_ERROR;
				CLANG_WARN_EMPTY_BODY = YES;
				CLANG_WARN_ENUM_CONVERSION = YES;
				CLANG_WARN_INT_CONVERSION = YES;
				CLANG_WARN_OBJC_ROOT_CLASS = YES_ERROR;
				CLANG_WARN__DUPLICATE_METHOD_MATCH = YES;
				"CODE_SIGN_IDENTITY[sdk=iphoneos*]" = "iPhone Developer";
				COPY_PHASE_STRIP = YES;
				ENABLE_NS_ASSERTIONS = NO;
				GCC_C_LANGUAGE_STANDARD = gnu99;
				GCC_WARN_64_TO_32_BIT_CONVERSION = YES;
				GCC_WARN_ABOUT_RETURN_TYPE = YES_ERROR;
				GCC_WARN_UNDECLARED_SELECTOR = YES;
				GCC_WARN_UNINITIALIZED_AUTOS = YES_AGGRESSIVE;
				GCC_WARN_UNUSED_FUNCTION = YES;
				GCC_WARN_UNUSED_VARIABLE = YES;
				IPHONEOS_DEPLOYMENT_TARGET = 7.1;
				SDKROOT = iphoneos;
				TARGETED_DEVICE_FAMILY = "1,2";
				VALIDATE_PRODUCT = YES;
			};
			name = Release;
		};
		3254E4E91975B64600205F33 /* Debug */ = {
			isa = XCBuildConfiguration;
			baseConfigurationReference = 48BD3755083547939D6F9810 /* Pods-Uguru.xcconfig */;
			buildSettings = {
				ASSETCATALOG_COMPILER_APPICON_NAME = AppIcon;
				ASSETCATALOG_COMPILER_LAUNCHIMAGE_NAME = LaunchImage;
				CODE_SIGN_IDENTITY = "iPhone Developer: Samir Makhani (KJ7F8YE285)";
				"CODE_SIGN_IDENTITY[sdk=iphoneos*]" = "iPhone Developer: Samir Makhani (KJ7F8YE285)";
				GCC_PRECOMPILE_PREFIX_HEADER = YES;
				GCC_PREFIX_HEADER = "Uguru/Uguru-Prefix.pch";
				INFOPLIST_FILE = "Uguru/Uguru-Info.plist";
				PRODUCT_NAME = "$(TARGET_NAME)";
				PROVISIONING_PROFILE = "E35DBB1A-F8D3-46C3-83A4-5B1825434B16";
				TARGETED_DEVICE_FAMILY = 1;
				WRAPPER_EXTENSION = app;
			};
			name = Debug;
		};
		3254E4EA1975B64600205F33 /* Release */ = {
			isa = XCBuildConfiguration;
			baseConfigurationReference = 48BD3755083547939D6F9810 /* Pods-Uguru.xcconfig */;
			buildSettings = {
				ASSETCATALOG_COMPILER_APPICON_NAME = AppIcon;
				ASSETCATALOG_COMPILER_LAUNCHIMAGE_NAME = LaunchImage;
				CODE_SIGN_IDENTITY = "iPhone Developer: Samir Makhani (KJ7F8YE285)";
				"CODE_SIGN_IDENTITY[sdk=iphoneos*]" = "iPhone Developer: Samir Makhani (KJ7F8YE285)";
				GCC_PRECOMPILE_PREFIX_HEADER = YES;
				GCC_PREFIX_HEADER = "Uguru/Uguru-Prefix.pch";
				INFOPLIST_FILE = "Uguru/Uguru-Info.plist";
				PRODUCT_NAME = "$(TARGET_NAME)";
				PROVISIONING_PROFILE = "E35DBB1A-F8D3-46C3-83A4-5B1825434B16";
				TARGETED_DEVICE_FAMILY = 1;
				WRAPPER_EXTENSION = app;
			};
			name = Release;
		};
		3254E4EC1975B64600205F33 /* Debug */ = {
			isa = XCBuildConfiguration;
			baseConfigurationReference = 27A980C163FB480FAA312D7A /* Pods-UguruTests.xcconfig */;
			buildSettings = {
				BUNDLE_LOADER = "$(BUILT_PRODUCTS_DIR)/Uguru.app/Uguru";
				FRAMEWORK_SEARCH_PATHS = (
					"$(SDKROOT)/Developer/Library/Frameworks",
					"$(inherited)",
					"$(DEVELOPER_FRAMEWORKS_DIR)",
				);
				GCC_PRECOMPILE_PREFIX_HEADER = YES;
				GCC_PREFIX_HEADER = "Uguru/Uguru-Prefix.pch";
				GCC_PREPROCESSOR_DEFINITIONS = (
					"DEBUG=1",
					"$(inherited)",
				);
				INFOPLIST_FILE = "UguruTests/UguruTests-Info.plist";
				PRODUCT_NAME = "$(TARGET_NAME)";
				TEST_HOST = "$(BUNDLE_LOADER)";
				WRAPPER_EXTENSION = xctest;
			};
			name = Debug;
		};
		3254E4ED1975B64600205F33 /* Release */ = {
			isa = XCBuildConfiguration;
			baseConfigurationReference = 27A980C163FB480FAA312D7A /* Pods-UguruTests.xcconfig */;
			buildSettings = {
				BUNDLE_LOADER = "$(BUILT_PRODUCTS_DIR)/Uguru.app/Uguru";
				FRAMEWORK_SEARCH_PATHS = (
					"$(SDKROOT)/Developer/Library/Frameworks",
					"$(inherited)",
					"$(DEVELOPER_FRAMEWORKS_DIR)",
				);
				GCC_PRECOMPILE_PREFIX_HEADER = YES;
				GCC_PREFIX_HEADER = "Uguru/Uguru-Prefix.pch";
				INFOPLIST_FILE = "UguruTests/UguruTests-Info.plist";
				PRODUCT_NAME = "$(TARGET_NAME)";
				TEST_HOST = "$(BUNDLE_LOADER)";
				WRAPPER_EXTENSION = xctest;
			};
			name = Release;
		};
/* End XCBuildConfiguration section */

/* Begin XCConfigurationList section */
		3254E4AB1975B64500205F33 /* Build configuration list for PBXProject "Uguru" */ = {
			isa = XCConfigurationList;
			buildConfigurations = (
				3254E4E61975B64600205F33 /* Debug */,
				3254E4E71975B64600205F33 /* Release */,
			);
			defaultConfigurationIsVisible = 0;
			defaultConfigurationName = Release;
		};
		3254E4E81975B64600205F33 /* Build configuration list for PBXNativeTarget "Uguru" */ = {
			isa = XCConfigurationList;
			buildConfigurations = (
				3254E4E91975B64600205F33 /* Debug */,
				3254E4EA1975B64600205F33 /* Release */,
			);
			defaultConfigurationIsVisible = 0;
			defaultConfigurationName = Release;
		};
		3254E4EB1975B64600205F33 /* Build configuration list for PBXNativeTarget "UguruTests" */ = {
			isa = XCConfigurationList;
			buildConfigurations = (
				3254E4EC1975B64600205F33 /* Debug */,
				3254E4ED1975B64600205F33 /* Release */,
			);
			defaultConfigurationIsVisible = 0;
			defaultConfigurationName = Release;
		};
/* End XCConfigurationList section */
	};
	rootObject = 3254E4A81975B64500205F33 /* Project object */;
}
