// !$*UTF8*$!
{
	archiveVersion = 1;
	classes = {
	};
	objectVersion = 46;
	objects = {

/* Begin PBXBuildFile section */
		3254E4B41975B64600205F33 /* Foundation.framework in Frameworks */ = {isa = PBXBuildFile; fileRef = 3254E4B31975B64600205F33 /* Foundation.framework */; };
		3254E4B61975B64600205F33 /* CoreGraphics.framework in Frameworks */ = {isa = PBXBuildFile; fileRef = 3254E4B51975B64600205F33 /* CoreGraphics.framework */; };
		3254E4B81975B64600205F33 /* UIKit.framework in Frameworks */ = {isa = PBXBuildFile; fileRef = 3254E4B71975B64600205F33 /* UIKit.framework */; };
		3254E4BE1975B64600205F33 /* InfoPlist.strings in Resources */ = {isa = PBXBuildFile; fileRef = 3254E4BC1975B64600205F33 /* InfoPlist.strings */; };
		3254E4C01975B64600205F33 /* main.m in Sources */ = {isa = PBXBuildFile; fileRef = 3254E4BF1975B64600205F33 /* main.m */; };
		3254E4C41975B64600205F33 /* UGAppDelegate.m in Sources */ = {isa = PBXBuildFile; fileRef = 3254E4C31975B64600205F33 /* UGAppDelegate.m */; };
		3254E4C71975B64600205F33 /* Main_iPhone.storyboard in Resources */ = {isa = PBXBuildFile; fileRef = 3254E4C51975B64600205F33 /* Main_iPhone.storyboard */; };
		3254E4CA1975B64600205F33 /* Main_iPad.storyboard in Resources */ = {isa = PBXBuildFile; fileRef = 3254E4C81975B64600205F33 /* Main_iPad.storyboard */; };
		3254E4CD1975B64600205F33 /* UGMasterViewController.m in Sources */ = {isa = PBXBuildFile; fileRef = 3254E4CC1975B64600205F33 /* UGMasterViewController.m */; };
		3254E4D01975B64600205F33 /* UGDetailViewController.m in Sources */ = {isa = PBXBuildFile; fileRef = 3254E4CF1975B64600205F33 /* UGDetailViewController.m */; };
		3254E4D21975B64600205F33 /* Images.xcassets in Resources */ = {isa = PBXBuildFile; fileRef = 3254E4D11975B64600205F33 /* Images.xcassets */; };
		3254E4D91975B64600205F33 /* XCTest.framework in Frameworks */ = {isa = PBXBuildFile; fileRef = 3254E4D81975B64600205F33 /* XCTest.framework */; };
		3254E4DA1975B64600205F33 /* Foundation.framework in Frameworks */ = {isa = PBXBuildFile; fileRef = 3254E4B31975B64600205F33 /* Foundation.framework */; };
		3254E4DB1975B64600205F33 /* UIKit.framework in Frameworks */ = {isa = PBXBuildFile; fileRef = 3254E4B71975B64600205F33 /* UIKit.framework */; };
		3254E4E31975B64600205F33 /* InfoPlist.strings in Resources */ = {isa = PBXBuildFile; fileRef = 3254E4E11975B64600205F33 /* InfoPlist.strings */; };
		3254E4E51975B64600205F33 /* UguruTests.m in Sources */ = {isa = PBXBuildFile; fileRef = 3254E4E41975B64600205F33 /* UguruTests.m */; };
/* End PBXBuildFile section */

/* Begin PBXContainerItemProxy section */
		3254E4DC1975B64600205F33 /* PBXContainerItemProxy */ = {
			isa = PBXContainerItemProxy;
			containerPortal = 3254E4A81975B64500205F33 /* Project object */;
			proxyType = 1;
			remoteGlobalIDString = 3254E4AF1975B64500205F33;
			remoteInfo = Uguru;
		};
/* End PBXContainerItemProxy section */

/* Begin PBXFileReference section */
		3254E4B01975B64600205F33 /* Uguru.app */ = {isa = PBXFileReference; explicitFileType = wrapper.application; includeInIndex = 0; path = Uguru.app; sourceTree = BUILT_PRODUCTS_DIR; };
		3254E4B31975B64600205F33 /* Foundation.framework */ = {isa = PBXFileReference; lastKnownFileType = wrapper.framework; name = Foundation.framework; path = System/Library/Frameworks/Foundation.framework; sourceTree = SDKROOT; };
		3254E4B51975B64600205F33 /* CoreGraphics.framework */ = {isa = PBXFileReference; lastKnownFileType = wrapper.framework; name = CoreGraphics.framework; path = System/Library/Frameworks/CoreGraphics.framework; sourceTree = SDKROOT; };
		3254E4B71975B64600205F33 /* UIKit.framework */ = {isa = PBXFileReference; lastKnownFileType = wrapper.framework; name = UIKit.framework; path = System/Library/Frameworks/UIKit.framework; sourceTree = SDKROOT; };
		3254E4BB1975B64600205F33 /* Uguru-Info.plist */ = {isa = PBXFileReference; lastKnownFileType = text.plist.xml; path = "Uguru-Info.plist"; sourceTree = "<group>"; };
		3254E4BD1975B64600205F33 /* en */ = {isa = PBXFileReference; lastKnownFileType = text.plist.strings; name = en; path = en.lproj/InfoPlist.strings; sourceTree = "<group>"; };
		3254E4BF1975B64600205F33 /* main.m */ = {isa = PBXFileReference; lastKnownFileType = sourcecode.c.objc; path = main.m; sourceTree = "<group>"; };
		3254E4C11975B64600205F33 /* Uguru-Prefix.pch */ = {isa = PBXFileReference; lastKnownFileType = sourcecode.c.h; path = "Uguru-Prefix.pch"; sourceTree = "<group>"; };
		3254E4C21975B64600205F33 /* UGAppDelegate.h */ = {isa = PBXFileReference; lastKnownFileType = sourcecode.c.h; path = UGAppDelegate.h; sourceTree = "<group>"; };
		3254E4C31975B64600205F33 /* UGAppDelegate.m */ = {isa = PBXFileReference; lastKnownFileType = sourcecode.c.objc; path = UGAppDelegate.m; sourceTree = "<group>"; };
		3254E4C61975B64600205F33 /* Base */ = {isa = PBXFileReference; lastKnownFileType = file.storyboard; name = Base; path = Base.lproj/Main_iPhone.storyboard; sourceTree = "<group>"; };
		3254E4C91975B64600205F33 /* Base */ = {isa = PBXFileReference; lastKnownFileType = file.storyboard; name = Base; path = Base.lproj/Main_iPad.storyboard; sourceTree = "<group>"; };
		3254E4CB1975B64600205F33 /* UGMasterViewController.h */ = {isa = PBXFileReference; lastKnownFileType = sourcecode.c.h; path = UGMasterViewController.h; sourceTree = "<group>"; };
		3254E4CC1975B64600205F33 /* UGMasterViewController.m */ = {isa = PBXFileReference; lastKnownFileType = sourcecode.c.objc; path = UGMasterViewController.m; sourceTree = "<group>"; };
		3254E4CE1975B64600205F33 /* UGDetailViewController.h */ = {isa = PBXFileReference; lastKnownFileType = sourcecode.c.h; path = UGDetailViewController.h; sourceTree = "<group>"; };
		3254E4CF1975B64600205F33 /* UGDetailViewController.m */ = {isa = PBXFileReference; lastKnownFileType = sourcecode.c.objc; path = UGDetailViewController.m; sourceTree = "<group>"; };
		3254E4D11975B64600205F33 /* Images.xcassets */ = {isa = PBXFileReference; lastKnownFileType = folder.assetcatalog; path = Images.xcassets; sourceTree = "<group>"; };
		3254E4D71975B64600205F33 /* UguruTests.xctest */ = {isa = PBXFileReference; explicitFileType = wrapper.cfbundle; includeInIndex = 0; path = UguruTests.xctest; sourceTree = BUILT_PRODUCTS_DIR; };
		3254E4D81975B64600205F33 /* XCTest.framework */ = {isa = PBXFileReference; lastKnownFileType = wrapper.framework; name = XCTest.framework; path = Library/Frameworks/XCTest.framework; sourceTree = DEVELOPER_DIR; };
		3254E4E01975B64600205F33 /* UguruTests-Info.plist */ = {isa = PBXFileReference; lastKnownFileType = text.plist.xml; path = "UguruTests-Info.plist"; sourceTree = "<group>"; };
		3254E4E21975B64600205F33 /* en */ = {isa = PBXFileReference; lastKnownFileType = text.plist.strings; name = en; path = en.lproj/InfoPlist.strings; sourceTree = "<group>"; };
		3254E4E41975B64600205F33 /* UguruTests.m */ = {isa = PBXFileReference; lastKnownFileType = sourcecode.c.objc; path = UguruTests.m; sourceTree = "<group>"; };
/* End PBXFileReference section */

/* Begin PBXFrameworksBuildPhase section */
		3254E4AD1975B64500205F33 /* Frameworks */ = {
			isa = PBXFrameworksBuildPhase;
			buildActionMask = 2147483647;
			files = (
				3254E4B61975B64600205F33 /* CoreGraphics.framework in Frameworks */,
				3254E4B81975B64600205F33 /* UIKit.framework in Frameworks */,
				3254E4B41975B64600205F33 /* Foundation.framework in Frameworks */,
			);
			runOnlyForDeploymentPostprocessing = 0;
		};
		3254E4D41975B64600205F33 /* Frameworks */ = {
			isa = PBXFrameworksBuildPhase;
			buildActionMask = 2147483647;
			files = (
				3254E4D91975B64600205F33 /* XCTest.framework in Frameworks */,
				3254E4DB1975B64600205F33 /* UIKit.framework in Frameworks */,
				3254E4DA1975B64600205F33 /* Foundation.framework in Frameworks */,
			);
			runOnlyForDeploymentPostprocessing = 0;
		};
/* End PBXFrameworksBuildPhase section */

/* Begin PBXGroup section */
		3254E4A71975B64500205F33 = {
			isa = PBXGroup;
			children = (
				3254E4B91975B64600205F33 /* Uguru */,
				3254E4DE1975B64600205F33 /* UguruTests */,
				3254E4B21975B64600205F33 /* Frameworks */,
				3254E4B11975B64600205F33 /* Products */,
			);
			sourceTree = "<group>";
		};
		3254E4B11975B64600205F33 /* Products */ = {
			isa = PBXGroup;
			children = (
				3254E4B01975B64600205F33 /* Uguru.app */,
				3254E4D71975B64600205F33 /* UguruTests.xctest */,
			);
			name = Products;
			sourceTree = "<group>";
		};
		3254E4B21975B64600205F33 /* Frameworks */ = {
			isa = PBXGroup;
			children = (
				3254E4B31975B64600205F33 /* Foundation.framework */,
				3254E4B51975B64600205F33 /* CoreGraphics.framework */,
				3254E4B71975B64600205F33 /* UIKit.framework */,
				3254E4D81975B64600205F33 /* XCTest.framework */,
			);
			name = Frameworks;
			sourceTree = "<group>";
		};
		3254E4B91975B64600205F33 /* Uguru */ = {
			isa = PBXGroup;
			children = (
				3254E4C21975B64600205F33 /* UGAppDelegate.h */,
				3254E4C31975B64600205F33 /* UGAppDelegate.m */,
				3254E4C51975B64600205F33 /* Main_iPhone.storyboard */,
				3254E4C81975B64600205F33 /* Main_iPad.storyboard */,
				3254E4CB1975B64600205F33 /* UGMasterViewController.h */,
				3254E4CC1975B64600205F33 /* UGMasterViewController.m */,
				3254E4CE1975B64600205F33 /* UGDetailViewController.h */,
				3254E4CF1975B64600205F33 /* UGDetailViewController.m */,
				3254E4D11975B64600205F33 /* Images.xcassets */,
				3254E4BA1975B64600205F33 /* Supporting Files */,
			);
			path = Uguru;
			sourceTree = "<group>";
		};
		3254E4BA1975B64600205F33 /* Supporting Files */ = {
			isa = PBXGroup;
			children = (
				3254E4BB1975B64600205F33 /* Uguru-Info.plist */,
				3254E4BC1975B64600205F33 /* InfoPlist.strings */,
				3254E4BF1975B64600205F33 /* main.m */,
				3254E4C11975B64600205F33 /* Uguru-Prefix.pch */,
			);
			name = "Supporting Files";
			sourceTree = "<group>";
		};
		3254E4DE1975B64600205F33 /* UguruTests */ = {
			isa = PBXGroup;
			children = (
				3254E4E41975B64600205F33 /* UguruTests.m */,
				3254E4DF1975B64600205F33 /* Supporting Files */,
			);
			path = UguruTests;
			sourceTree = "<group>";
		};
		3254E4DF1975B64600205F33 /* Supporting Files */ = {
			isa = PBXGroup;
			children = (
				3254E4E01975B64600205F33 /* UguruTests-Info.plist */,
				3254E4E11975B64600205F33 /* InfoPlist.strings */,
			);
			name = "Supporting Files";
			sourceTree = "<group>";
		};
/* End PBXGroup section */

/* Begin PBXNativeTarget section */
		3254E4AF1975B64500205F33 /* Uguru */ = {
			isa = PBXNativeTarget;
			buildConfigurationList = 3254E4E81975B64600205F33 /* Build configuration list for PBXNativeTarget "Uguru" */;
			buildPhases = (
				3254E4AC1975B64500205F33 /* Sources */,
				3254E4AD1975B64500205F33 /* Frameworks */,
				3254E4AE1975B64500205F33 /* Resources */,
			);
			buildRules = (
			);
			dependencies = (
			);
			name = Uguru;
			productName = Uguru;
			productReference = 3254E4B01975B64600205F33 /* Uguru.app */;
			productType = "com.apple.product-type.application";
		};
		3254E4D61975B64600205F33 /* UguruTests */ = {
			isa = PBXNativeTarget;
			buildConfigurationList = 3254E4EB1975B64600205F33 /* Build configuration list for PBXNativeTarget "UguruTests" */;
			buildPhases = (
				3254E4D31975B64600205F33 /* Sources */,
				3254E4D41975B64600205F33 /* Frameworks */,
				3254E4D51975B64600205F33 /* Resources */,
			);
			buildRules = (
			);
			dependencies = (
				3254E4DD1975B64600205F33 /* PBXTargetDependency */,
			);
			name = UguruTests;
			productName = UguruTests;
			productReference = 3254E4D71975B64600205F33 /* UguruTests.xctest */;
			productType = "com.apple.product-type.bundle.unit-test";
		};
/* End PBXNativeTarget section */

/* Begin PBXProject section */
		3254E4A81975B64500205F33 /* Project object */ = {
			isa = PBXProject;
			attributes = {
				CLASSPREFIX = UG;
				LastUpgradeCheck = 0510;
				ORGANIZATIONNAME = Uguru;
				TargetAttributes = {
					3254E4D61975B64600205F33 = {
						TestTargetID = 3254E4AF1975B64500205F33;
					};
				};
			};
			buildConfigurationList = 3254E4AB1975B64500205F33 /* Build configuration list for PBXProject "Uguru" */;
			compatibilityVersion = "Xcode 3.2";
			developmentRegion = English;
			hasScannedForEncodings = 0;
			knownRegions = (
				en,
				Base,
			);
			mainGroup = 3254E4A71975B64500205F33;
			productRefGroup = 3254E4B11975B64600205F33 /* Products */;
			projectDirPath = "";
			projectRoot = "";
			targets = (
				3254E4AF1975B64500205F33 /* Uguru */,
				3254E4D61975B64600205F33 /* UguruTests */,
			);
		};
/* End PBXProject section */

/* Begin PBXResourcesBuildPhase section */
		3254E4AE1975B64500205F33 /* Resources */ = {
			isa = PBXResourcesBuildPhase;
			buildActionMask = 2147483647;
			files = (
				3254E4CA1975B64600205F33 /* Main_iPad.storyboard in Resources */,
				3254E4D21975B64600205F33 /* Images.xcassets in Resources */,
				3254E4C71975B64600205F33 /* Main_iPhone.storyboard in Resources */,
				3254E4BE1975B64600205F33 /* InfoPlist.strings in Resources */,
			);
			runOnlyForDeploymentPostprocessing = 0;
		};
		3254E4D51975B64600205F33 /* Resources */ = {
			isa = PBXResourcesBuildPhase;
			buildActionMask = 2147483647;
			files = (
				3254E4E31975B64600205F33 /* InfoPlist.strings in Resources */,
			);
			runOnlyForDeploymentPostprocessing = 0;
		};
/* End PBXResourcesBuildPhase section */

/* Begin PBXSourcesBuildPhase section */
		3254E4AC1975B64500205F33 /* Sources */ = {
			isa = PBXSourcesBuildPhase;
			buildActionMask = 2147483647;
			files = (
				3254E4C41975B64600205F33 /* UGAppDelegate.m in Sources */,
				3254E4D01975B64600205F33 /* UGDetailViewController.m in Sources */,
				3254E4C01975B64600205F33 /* main.m in Sources */,
				3254E4CD1975B64600205F33 /* UGMasterViewController.m in Sources */,
			);
			runOnlyForDeploymentPostprocessing = 0;
		};
		3254E4D31975B64600205F33 /* Sources */ = {
			isa = PBXSourcesBuildPhase;
			buildActionMask = 2147483647;
			files = (
				3254E4E51975B64600205F33 /* UguruTests.m in Sources */,
			);
			runOnlyForDeploymentPostprocessing = 0;
		};
/* End PBXSourcesBuildPhase section */

/* Begin PBXTargetDependency section */
		3254E4DD1975B64600205F33 /* PBXTargetDependency */ = {
			isa = PBXTargetDependency;
			target = 3254E4AF1975B64500205F33 /* Uguru */;
			targetProxy = 3254E4DC1975B64600205F33 /* PBXContainerItemProxy */;
		};
/* End PBXTargetDependency section */

/* Begin PBXVariantGroup section */
		3254E4BC1975B64600205F33 /* InfoPlist.strings */ = {
			isa = PBXVariantGroup;
			children = (
				3254E4BD1975B64600205F33 /* en */,
			);
			name = InfoPlist.strings;
			sourceTree = "<group>";
		};
		3254E4C51975B64600205F33 /* Main_iPhone.storyboard */ = {
			isa = PBXVariantGroup;
			children = (
				3254E4C61975B64600205F33 /* Base */,
			);
			name = Main_iPhone.storyboard;
			sourceTree = "<group>";
		};
		3254E4C81975B64600205F33 /* Main_iPad.storyboard */ = {
			isa = PBXVariantGroup;
			children = (
				3254E4C91975B64600205F33 /* Base */,
			);
			name = Main_iPad.storyboard;
			sourceTree = "<group>";
		};
		3254E4E11975B64600205F33 /* InfoPlist.strings */ = {
			isa = PBXVariantGroup;
			children = (
				3254E4E21975B64600205F33 /* en */,
			);
			name = InfoPlist.strings;
			sourceTree = "<group>";
		};
/* End PBXVariantGroup section */

/* Begin XCBuildConfiguration section */
		3254E4E61975B64600205F33 /* Debug */ = {
			isa = XCBuildConfiguration;
			buildSettings = {
				ALWAYS_SEARCH_USER_PATHS = NO;
				CLANG_CXX_LANGUAGE_STANDARD = "gnu++0x";
				CLANG_CXX_LIBRARY = "libc++";
				CLANG_ENABLE_MODULES = YES;
				CLANG_ENABLE_OBJC_ARC = YES;
				CLANG_WARN_BOOL_CONVERSION = YES;
				CLANG_WARN_CONSTANT_CONVERSION = YES;
				CLANG_WARN_DIRECT_OBJC_ISA_USAGE = YES_ERROR;
				CLANG_WARN_EMPTY_BODY = YES;
				CLANG_WARN_ENUM_CONVERSION = YES;
				CLANG_WARN_INT_CONVERSION = YES;
				CLANG_WARN_OBJC_ROOT_CLASS = YES_ERROR;
				CLANG_WARN__DUPLICATE_METHOD_MATCH = YES;
				"CODE_SIGN_IDENTITY[sdk=iphoneos*]" = "iPhone Developer";
				COPY_PHASE_STRIP = NO;
				GCC_C_LANGUAGE_STANDARD = gnu99;
				GCC_DYNAMIC_NO_PIC = NO;
				GCC_OPTIMIZATION_LEVEL = 0;
				GCC_PREPROCESSOR_DEFINITIONS = (
					"DEBUG=1",
					"$(inherited)",
				);
				GCC_SYMBOLS_PRIVATE_EXTERN = NO;
				GCC_WARN_64_TO_32_BIT_CONVERSION = YES;
				GCC_WARN_ABOUT_RETURN_TYPE = YES_ERROR;
				GCC_WARN_UNDECLARED_SELECTOR = YES;
				GCC_WARN_UNINITIALIZED_AUTOS = YES_AGGRESSIVE;
				GCC_WARN_UNUSED_FUNCTION = YES;
				GCC_WARN_UNUSED_VARIABLE = YES;
				IPHONEOS_DEPLOYMENT_TARGET = 7.1;
				ONLY_ACTIVE_ARCH = YES;
				SDKROOT = iphoneos;
				TARGETED_DEVICE_FAMILY = "1,2";
			};
			name = Debug;
		};
		3254E4E71975B64600205F33 /* Release */ = {
			isa = XCBuildConfiguration;
			buildSettings = {
				ALWAYS_SEARCH_USER_PATHS = NO;
				CLANG_CXX_LANGUAGE_STANDARD = "gnu++0x";
				CLANG_CXX_LIBRARY = "libc++";
				CLANG_ENABLE_MODULES = YES;
				CLANG_ENABLE_OBJC_ARC = YES;
				CLANG_WARN_BOOL_CONVERSION = YES;
				CLANG_WARN_CONSTANT_CONVERSION = YES;
				CLANG_WARN_DIRECT_OBJC_ISA_USAGE = YES_ERROR;
				CLANG_WARN_EMPTY_BODY = YES;
				CLANG_WARN_ENUM_CONVERSION = YES;
				CLANG_WARN_INT_CONVERSION = YES;
				CLANG_WARN_OBJC_ROOT_CLASS = YES_ERROR;
				CLANG_WARN__DUPLICATE_METHOD_MATCH = YES;
				"CODE_SIGN_IDENTITY[sdk=iphoneos*]" = "iPhone Developer";
				COPY_PHASE_STRIP = YES;
				ENABLE_NS_ASSERTIONS = NO;
				GCC_C_LANGUAGE_STANDARD = gnu99;
				GCC_WARN_64_TO_32_BIT_CONVERSION = YES;
				GCC_WARN_ABOUT_RETURN_TYPE = YES_ERROR;
				GCC_WARN_UNDECLARED_SELECTOR = YES;
				GCC_WARN_UNINITIALIZED_AUTOS = YES_AGGRESSIVE;
				GCC_WARN_UNUSED_FUNCTION = YES;
				GCC_WARN_UNUSED_VARIABLE = YES;
				IPHONEOS_DEPLOYMENT_TARGET = 7.1;
				SDKROOT = iphoneos;
				TARGETED_DEVICE_FAMILY = "1,2";
				VALIDATE_PRODUCT = YES;
			};
			name = Release;
		};
		3254E4E91975B64600205F33 /* Debug */ = {
			isa = XCBuildConfiguration;
			buildSettings = {
				ASSETCATALOG_COMPILER_APPICON_NAME = AppIcon;
				ASSETCATALOG_COMPILER_LAUNCHIMAGE_NAME = LaunchImage;
				GCC_PRECOMPILE_PREFIX_HEADER = YES;
				GCC_PREFIX_HEADER = "Uguru/Uguru-Prefix.pch";
				INFOPLIST_FILE = "Uguru/Uguru-Info.plist";
				PRODUCT_NAME = "$(TARGET_NAME)";
				WRAPPER_EXTENSION = app;
			};
			name = Debug;
		};
		3254E4EA1975B64600205F33 /* Release */ = {
			isa = XCBuildConfiguration;
			buildSettings = {
				ASSETCATALOG_COMPILER_APPICON_NAME = AppIcon;
				ASSETCATALOG_COMPILER_LAUNCHIMAGE_NAME = LaunchImage;
				GCC_PRECOMPILE_PREFIX_HEADER = YES;
				GCC_PREFIX_HEADER = "Uguru/Uguru-Prefix.pch";
				INFOPLIST_FILE = "Uguru/Uguru-Info.plist";
				PRODUCT_NAME = "$(TARGET_NAME)";
				WRAPPER_EXTENSION = app;
			};
			name = Release;
		};
		3254E4EC1975B64600205F33 /* Debug */ = {
			isa = XCBuildConfiguration;
			buildSettings = {
				BUNDLE_LOADER = "$(BUILT_PRODUCTS_DIR)/Uguru.app/Uguru";
				FRAMEWORK_SEARCH_PATHS = (
					"$(SDKROOT)/Developer/Library/Frameworks",
					"$(inherited)",
					"$(DEVELOPER_FRAMEWORKS_DIR)",
				);
				GCC_PRECOMPILE_PREFIX_HEADER = YES;
				GCC_PREFIX_HEADER = "Uguru/Uguru-Prefix.pch";
				GCC_PREPROCESSOR_DEFINITIONS = (
					"DEBUG=1",
					"$(inherited)",
				);
				INFOPLIST_FILE = "UguruTests/UguruTests-Info.plist";
				PRODUCT_NAME = "$(TARGET_NAME)";
				TEST_HOST = "$(BUNDLE_LOADER)";
				WRAPPER_EXTENSION = xctest;
			};
			name = Debug;
		};
		3254E4ED1975B64600205F33 /* Release */ = {
			isa = XCBuildConfiguration;
			buildSettings = {
				BUNDLE_LOADER = "$(BUILT_PRODUCTS_DIR)/Uguru.app/Uguru";
				FRAMEWORK_SEARCH_PATHS = (
					"$(SDKROOT)/Developer/Library/Frameworks",
					"$(inherited)",
					"$(DEVELOPER_FRAMEWORKS_DIR)",
				);
				GCC_PRECOMPILE_PREFIX_HEADER = YES;
				GCC_PREFIX_HEADER = "Uguru/Uguru-Prefix.pch";
				INFOPLIST_FILE = "UguruTests/UguruTests-Info.plist";
				PRODUCT_NAME = "$(TARGET_NAME)";
				TEST_HOST = "$(BUNDLE_LOADER)";
				WRAPPER_EXTENSION = xctest;
			};
			name = Release;
		};
/* End XCBuildConfiguration section */

/* Begin XCConfigurationList section */
		3254E4AB1975B64500205F33 /* Build configuration list for PBXProject "Uguru" */ = {
			isa = XCConfigurationList;
			buildConfigurations = (
				3254E4E61975B64600205F33 /* Debug */,
				3254E4E71975B64600205F33 /* Release */,
			);
			defaultConfigurationIsVisible = 0;
			defaultConfigurationName = Release;
		};
		3254E4E81975B64600205F33 /* Build configuration list for PBXNativeTarget "Uguru" */ = {
			isa = XCConfigurationList;
			buildConfigurations = (
				3254E4E91975B64600205F33 /* Debug */,
				3254E4EA1975B64600205F33 /* Release */,
			);
			defaultConfigurationIsVisible = 0;
		};
		3254E4EB1975B64600205F33 /* Build configuration list for PBXNativeTarget "UguruTests" */ = {
			isa = XCConfigurationList;
			buildConfigurations = (
				3254E4EC1975B64600205F33 /* Debug */,
				3254E4ED1975B64600205F33 /* Release */,
			);
			defaultConfigurationIsVisible = 0;
		};
/* End XCConfigurationList section */
	};
	rootObject = 3254E4A81975B64500205F33 /* Project object */;
}
